{
  "name": "yolo-tracking-app",
  "version": "1.0.0",
  "lockfileVersion": 3,
  "requires": true,
  "packages": {
    "": {
      "name": "yolo-tracking-app",
      "version": "1.0.0",
      "license": "ISC",
      "dependencies": {
        "cors": "^2.8.5",
        "express": "^4.18.2"
      },
      "engines": {
        "node": "18.x"
      }
    },
    "node_modules/accepts": {
      "version": "1.3.8",
      "resolved": "https://registry.npmjs.org/accepts/-/accepts-1.3.8.tgz",
      "integrity": "sha512-PYAthTa2m2VKkIaido712LX3rNSuadNPZeE6DvP2o+3+zHPT+CU/IgLccta+3M9bnXvXJ+1iRP6VfExok4dy3YA=="
    },
    "node_modules/array-flatten": {
      "version": "1.1.1",
      "resolved": "https://registry.npmjs.org/array-flatten/-/array-flatten-1.1.1.tgz",
      "integrity": "sha512-PCVAQswWemu6UdxsDFFX/+gVeYqKAod9Pbe3X9N5i/8aO5LKKqvqOUMNhEMsrFqgQdwLE7xnfLWJlFT2eMW4Qw=="
    },
    "node_modules/body-parser": {
      "version": "1.20.2",
      "resolved": "https://registry.npmjs.org/body-parser/-/body-parser-1.20.2.tgz",
      "integrity": "sha512-ml9pReCu3M61kPzzuq0F3SMO2XILALP32fXpuAyXMC4V8dl+ihb/do3Q7E5I6g77ukXT62jVbbqnP6b0B8OnqA==",
      "dependencies": {
        "bytes": "3.1.2",
        "content-disposition": "0.5.4",
        "content-type": "~1.0.4",
        "debug": "2.6.9",
        "depd": "2.0.0",
        "destroy": "1.2.0",
        "http-errors": "2.0.0",
        "iconv-lite": "0.4.24",
        "on-finished": "2.4.1",
        "qs": "6.11.0",
        "raw-body": "2.5.2",
        "type-is": "~1.6.18",
        "unpipe": "1.0.0"
      }
    },
    "node_modules/bytes": {
      "version": "3.1.2",
      "resolved": "https://registry.npmjs.org/bytes/-/bytes-3.1.2.tgz",
      "integrity": "sha512-/Nf7TyzpQWYDlUKFLV0tGt50pxjToQ7ikVHkO5Q20ju008Asw3MOS/431hQm7/35wahMvrrjmt3mfeje/DBKJQ=="
    },
    "node_modules/call-bind": {
      "version": "1.0.5",
      "resolved": "https://registry.npmjs.org/call-bind/-/call-bind-1.0.5.tgz",
      "integrity": "sha512-C3nQxfFZQSBQ5K15Y3FKDfRQZntetO7XujjyLA3zgNOEi6qWIIElfEnCD5fCVPlCj5DSnd/3pilEERstYvqZQmg=="
    },
    "node_modules/content-disposition": {
      "version": "0.5.4",
      "resolved": "https://registry.npmjs.org/content-disposition/-/content-disposition-0.5.4.tgz",
      "integrity": "sha512-FveZTNuGw04cxlAiWbzi6qwhwhiYYLfsQQzuE8gOUaoIC3sNca3xHB+5VyIq+rbPrqd56aklfL04sVPccV4zWOw=="
    },
    "node_modules/content-type": {
      "version": "1.0.5",
      "resolved": "https://registry.npmjs.org/content-type/-/content-type-1.0.5.tgz",
      "integrity": "sha512-nTLzMiXoELBe2xZPc4MWI1FDxcffxY08nQs+WMmBNVQJMA0Z3By6qUr72blMLcNBr0cXa/VFP1P8qn/5YB+xQw=="
    },
    "node_modules/cors": {
      "version": "2.8.5",
      "resolved": "https://registry.npmjs.org/cors/-/cors-2.8.5.tgz",
      "integrity": "sha512-KIHbLJqu73RGr/hnbrO9uBxyStY41Hmxpd1hEGSc0nqYcMgq78ZyYii2EefteYeY08N0uGD+PM+d4TZVofLkuQ==",
      "dependencies": {
        "object-assign": "^4",
        "vary": "^1"
      }
    },
    "node_modules/debug": {
      "version": "2.6.9",
      "resolved": "https://registry.npmjs.org/debug/-/debug-2.6.9.tgz",
      "integrity": "sha512-bC7ElrdJaJnPbAP+1EotYvqZsb3ecl5Pi6GJnZutD10zNVYcvvSO8lMNShP+20+JX7wUggHqkYbWJtqr8q7I+A==",
      "dependencies": {
        "ms": "2.0.0"
      }
    },
    "node_modules/depd": {
      "version": "2.0.0",
      "resolved": "https://registry.npmjs.org/depd/-/depd-2.0.0.tgz",
      "integrity": "sha512-g7nH6P6dyDyqA+fY/gN6xbnSNwwQqo8jMyZQQj6R0qsqpzIJbI0KtGk7ZVJCHqkQ88XwVL+4+qx5NjQ5XnKe3cQ=="
    },
    "node_modules/destroy": {
      "version": "1.2.0",
      "resolved": "https://registry.npmjs.org/destroy/-/destroy-1.2.0.tgz",
      "integrity": "sha512-2sJGJTg7HS6eIUvY7BcH9PoJmc4Q8yeT37jtsFr3YjlJWms21wy4FxxXuJsKcqMVarQOuoBX3KwXNDZ+E6 xuQg=="
    },
    "node_modules/ee-first": {
      "version": "1.1.1",
      "resolved": "https://registry.npmjs.org/ee-first/-/ee-first-1.1.1.tgz",
      "integrity": "sha512-WMwm9LhRz75fxkLvCL+7+JVjv76q7B9Rn3qu0w3GkB4MUX+qx8dNOKNqywygG5zFZLYsqCZT5D45VD1NdDgrgg=="
    },
    "node_modules/encodeurl": {
      "version": "1.0.2",
      "resolved": "https://registry.npmjs.org/encodeurl/-/encodeurl-1.0.2.tgz",
      "integrity": "sha512-TPJYhjdyBMwFRV33jIcp1N7DO8oHs+tNuHnKoCAeikiMcocEfg7g7v3SSoMilYKimia/ayLjQVMgkAWSLAom75g=="
    },
    "node_modules/escape-html": {
      "version": "1.0.3",
      "resolved": "https://registry.npmjs.org/escape-html/-/escape-html-1.0.3.tgz",
      "integrity": "sha512-NL9Xd5eF21C7twQAW7qYfLCqtJvAJcWFS0gRaifOb4gJ4qAtOJWJWRQuEn9u4tEVS5+z0+m3F50GKjh0XzuY1lg=="
    },
    "node_modules/etag": {
      "version": "1.8.1",
      "resolved": "https://registry.npmjs.org/etag/-/etag-1.8.1.tgz",
      "integrity": "sha512-aIL5Xs9+eB2evBDYyYLUXyiv9XwXybM9NeB50nsCo3SEO/Z+G1i0CJiqBW/5VlYnhrUH9nQkZATKXv1GY88RnA=="
    },
    "node_modules/express": {
      "version": "4.18.2",
      "resolved": "https://registry.npmjs.org/express/-/express-4.18.2.tgz",
      "integrity": "sha512-5/PsL6iGPdfQ/lKM1UuYUa57/SSqv1qMFdIAgRvfDb9+KNSOE1uj/EosSd+3UozNaCel56laV+EP853JJxQbKg==",
      "dependencies": {
        "accepts": "~1.3.8",
        "array-flatten": "1.1.1",
        "body-parser": "1.20.2",
        "content-disposition": "0.5.4",
        "content-type": "~1.0.4",
        "cookie": "0.5.0",
        "cookie-signature": "1.0.6",
        "debug": "2.6.9",
        "depd": "2.0.0",
        "encodeurl": "~1.0.2",
        "escape-html": "~1.0.3",
        "etag": "~1.8.1",
        "finalhandler": "1.2.0",
        "fresh": "0.5.2",
        "http-errors": "2.0.0",
        "merge-descriptors": "1.0.1",
        "methods": "~1.1.2",
        "on-finished": "2.4.1",
        "parseurl": "~1.3.3",
        "path-to-regexp": "0.1.7",
        "proxy-addr": "~2.0.7",
        "qs": "6.11.0",
        "range-parser": "~1.2.1",
        "safe-buffer": "5.2.1",
        "send": "0.18.0",
        "serve-static": "1.15.0",
        "setprototypeof": "1.2.0",
        "statuses": "2.0.1",
        "type-is": "~1.6.18",
        "utils-merge": "1.0.1",
        "vary": "~1.1.2"
      }
    },
    "node_modules/finalhandler": {
      "version": "1.2.0",
      "resolved": "https://registry.npmjs.org/finalhandler/-/finalhandler-1.2.0.tgz",
      "integrity": "sha512-5uIjjPpeVEV8SSw3SI6k0c7BQ5bkwpss5c9SpnDDGnvCS2osz4QJzNsHXd9xe8kyVCAXvvvdUV45R+dNbuQ5Sw=="
    },
    "node_modules/fresh": {
      "version": "0.5.2",
      "resolved": "https://registry.npmjs.org/fresh/-/fresh-0.5.2.tgz",
      "integrity": "sha512-zJ2mQYM3rBLOsWftgn1tD0PRcFloX4bkQsxironyvzlnMbtVzeX6LU5xcgIlN8oCvLmEA0YaJYA5YJJ74yiNUiw=="
    },
    "node_modules/function-bind": {
      "version": "1.1.2",
      "resolved": "https://registry.npmjs.org/function-bind/-/function-bind-1.1.2.tgz",
      "integrity": "sha512-7XHNxH7qX9xG5mkIZnZRMUZ0maTiIndex9uTykT+dqjKEDHcurqq3nFBIi01G/8uK+KhD0G2wwfl2yJm9WqTOXw=="
    },
    "node_modules/get-intrinsic": {
      "version": "1.2.4",
      "resolved": "https://registry.npmjs.org/get-intrinsic/-/get-intrinsic-1.2.4.tgz",
      "integrity": "sha512-5uYhsJH8VJBTQx+fCbhy+7XyCkIQ84ooT0TS4aVsQQay60LAAN6p8upp86U8UZMvreywidsK+RRQ308VAxFFKA=="
    },
    "node_modules/has": {
      "version": "1.0.4",
      "resolved": "https://registry.npmjs.org/has/-/has-1.0.4.tgz",
      "integrity": "sha512-qdSAmqLF6209RwxGA5Jw/ZKOVRlcsOm06DmvqqRlo7adYlq526as06twRP/u2AD146uj06NZ248yNi1QoLg5jDw=="
    },
    "node_modules/http-errors": {
      "version": "2.0.0",
      "resolved": "https://registry.npmjs.org/http-errors/-/http-errors-2.0.0.tgz",
      "integrity": "sha512-FtwxlvfIDVrga5xLlewn8ZtRrxxVMXdzjmQrvmarXEjstqReNMw82fqo+NvLaBDw690T2Xj50ev5+liNqtriH6A=="
    },
    "node_modules/iconv-lite": {
      "version": "0.4.24",
      "resolved": "https://registry.npmjs.org/iconv-lite/-/iconv-lite-0.4.24.tgz",
      "integrity": "sha512-v3MJ3aLvIl82FyBC4S0LS4XoVrxZrrJj6RLYX3dGenKqIp9+TEm3QF50jrAqbRjSnVf4gIvNSTfLANfrancesa7FQ=="
    },
    "node_modules/inherits": {
      "version": "2.0.4",
      "resolved": "https://registry.npmjs.org/inherits/-/inherits-2.0.4.tgz",
      "integrity": "sha512-k/vGaX4/Yla3WzyMrVlda9k1vVrpJ3+CEXjlBgZ75mdkEou810T90UNVjyrQcM75Y1LZLK79Lpf2Y9OUgRewqg=="
    },
    "node_modules/ipaddr.js": {
      "version": "2.1.0",
      "resolved": "https://registry.npmjs.org/ipaddr.js/-/ipaddr.js-2.1.0.tgz",
      "integrity": "sha512-LlbRenpTyyhuQvKqvQ1OurvMZAnvDZZleBLFSsp9GW/rhcsow0mRQsarwvzs/35A2Y7IommJ0ZA2+tSvsIAajBA=="
    },
    "node_modules/media-typer": {
      "version": "0.3.0",
      "resolved": "https://registry.npmjs.org/media-typer/-/media-typer-0.3.0.tgz",
      "integrity": "sha512-dq+qelQ9akHpcOl/gUVrTEJRi46wpOnLtRZeyw2BPG5Tz7QaloKsJUNVvkKl7fWuVZstUwvSUKMO+/I0qQTj+w=="
    },
    "node_modules/merge-descriptors": {
      "version": "1.0.1",
      "resolved": "https://registry.npmjs.org/merge-descriptors/-/merge-descriptors-1.0.1.tgz",
      "integrity": "sha512-cCi6g3/Zr1iqQi6ySr/mNn7fIelJH7KLlKu9TEcFcVlica5gkSaZB+b7gNWYqqsc+no41chP7hDhjN59XbtTAw=="
    },
    "node_modules/methods": {
      "version": "1.1.2",
      "resolved": "https://registry.npmjs.org/methods/-/methods-1.1.2.tgz",
      "integrity": "sha512-iclmx0aIWHS/l/71twNYP6NwpP86YlY3efvECP9gQCwjrPDe34BDYixjWuVtayAQUCLccXgNYcW1ffLoLuchQ2w=="
    },
    "node_modules/ms": {
      "version": "2.0.0",
      "resolved": "https://registry.npmjs.org/ms/-/ms-2.0.0.tgz",
      "integrity": "sha512-Tpp60P6IUJDTuOq/5Z8cdskzJlY+iV0T9dJcnIH1xXtjyS49pHHH1VJifZIsOkOkqLCoL6efQrnKrKrgQfPolQ=="
    },
    "node_modules/object-assign": {
      "version": "4.1.1",
      "resolved": "https://registry.npmjs.org/object-assign/-/object-assign-4.1.1.tgz",
      "integrity": "sha512-rJgTQnkUnH1sFw8yT6VSU3zD3sWm6vQ3j2EL37hq6b/67KwVj/ol7aEKeslpdkwFZryQObyDSSYyO4KfedlV7w=="
    },
    "node_modules/on-finished": {
      "version": "2.4.1",
      "resolved": "https://registry.npmjs.org/on-finished/-/on-finished-2.4.1.tgz",
      "integrity": "sha512-EuaPbVHaWui1nQfoA6IvxS2WNqT9+aSi9J+BHNQQBmP11++X57OE7YZo+5XPLoCfrMI1DCQZm+4YuQ3yNv5i8A=="
    },
    "node_modules/parseurl": {
      "version": "1.3.3",
      "resolved": "https://registry.npmjs.org/parseurl/-/parseurl-1.3.3.tgz",
      "integrity": "sha512-CiyeOxFT/JZyN5m0z9PfXw4SCBJ5Ue/3LchLeWAtou+H8e6ce2jRDi8B4B0qrXTZEMjM8vB5QZ7T7BP0PPqM7g=="
    },
    "node_modules/path-to-regexp": {
      "version": "0.1.7",
      "resolved": "https://registry.npmjs.org/path-to-regexp/-/path-to-regexp-0.1.7.tgz",
      "integrity": "sha512-5DFkuoqlOqiHPEe65HjnSvqItokVMcwqCmbu6S5PUfNZIhLutIW+0RRTtEI42BcRAMcjuN+12/3iCzui8+iy6A=="
    },
    "node_modules/proxy-addr": {
      "version": "2.0.7",
      "resolved": "https://registry.npmjs.org/proxy-addr/-/proxy-addr-2.0.7.tgz",
      "integrity": "sha512-llQsMLSUDMPQQfomLgzbSJNpWN5A+kSc67+gkpnT8SNkJTvtKAVjcXQKF3l/tKv36pSvSuJojCXxdI7RcevUZw=="
    },
    "node_modules/qs": {
      "version": "6.11.0",
      "resolved": "https://registry.npmjs.org/qs/-/qs-6.11.0.tgz",
      "integrity": "sha512-MvjoMCJwELg3R3wgwLzCVMaq+2d15G7pWwazqXL9lFDMAKiMB72XtorqDXC34Fire82+J8UQQhc3rCWuXDvJJw=="
    },
    "node_modules/range-parser": {
      "version": "1.2.1",
      "resolved": "https://registry.npmjs.org/range-parser/-/range-parser-1.2.1.tgz",
      "integrity": "sha512-Hrgaw/7bL4e/sKlO5C6ecstEkgQQc6/0xfpnL2JBY4tVlyMe3E7zZvDes7ievjXUth0ttEwIqwIomMjWQV0qWA=="
    },
    "node_modules/raw-body": {
      "version": "2.5.2",
      "resolved": "https://registry.npmjs.org/raw-body/-/raw-body-2.5.2.tgz",
      "integrity": "sha512-8zGqypfENjCIqGf51LTE7GAF+d5KwvMS3UH/PUOzbRslY7NIn80jHBc/gMKTHS13eBTme2TNXwNKxeFXJkmt2w=="
    },
    "node_modules/safe-buffer": {
      "version": "5.2.1",
      "resolved": "https://registry.npmjs.org/safe-buffer/-/safe-buffer-5.2.1.tgz",
      "integrity": "sha512-rp3So07KcdmmKbGvgXeL6YFZoUqp1gUnnCVd7/2K2kvrIHhBJvxeNygbyVIff3a21y5UlczhHcpc10nxgMYvQEA=="
    },
    "node_modules/send": {
      "version": "0.18.0",
      "resolved": "https://registry.npmjs.org/send/-/send-0.18.0.tgz",
      "integrity": "sha512-qqWzuOjSFqdLMDIVmRjUA0xwYZfmLVEJe/indmajQ7YkkpHD6ztdaNYvQ+FX+YAN7-toy2km7KqBSRtQOrLHGOw=="
    },
    "node_modules/serve-static": {
      "version": "1.15.0",
      "resolved": "https://registry.npmjs.org/serve-static/-/serve-static-1.15.0.tgz",
      "integrity": "sha512-XGuRDNjXUijsUL0vl14jskDqQn87MonqDbtjsZw5Xy8bFnMOU4Om7tz0D+/0GrqrqQQAaaOTcYdQIiSH9SNDDw=="
    },
    "node_modules/setprototypeof": {
      "version": "1.2.0",
      "resolved": "https://registry.npmjs.org/setprototypeof/-/setprototypeof-1.2.0.tgz",
      "integrity": "sha512-E5LDX7Wrp76Kris3Z5I+9xJPCCUjevYFoB92dO8gVfwQrzIF+SlLqK+LE24VOMk3z7+IjP4q+RPwgemRecNjzg=="
    },
    "node_modules/statuses": {
      "version": "2.0.1",
      "resolved": "https://registry.npmjs.org/statuses/-/statuses-2.0.1.tgz",
      "integrity": "sha512-RwNA9Z/7PrvH9gkWvaSQOFgF+M7qDEFO7f3mNymEmYVDZduLMW6+uAtuGzaev2fqsljuwivhydPB8v9sSLkM5w=="
    },
    "node_modules/toidentifier": {
      "version": "1.0.1",
      "resolved": "https://registry.npmjs.org/toidentifier/-/toidentifier-1.0.1.tgz",
      "integrity": "sha512-o5sSPKEkg/DIQNmH43V0/uj3QqMihApme33whVDsMVxtfsM6YIw4fb6O3ZO+AI+6oUdrK7YPrF2XAMsHXmucEQ=="
    },
    "node_modules/type-is": {
      "version": "1.6.18",
      "resolved": "https://registry.npmjs.org/type-is/-/type-is-1.6.18.tgz",
      "integrity": "sha512-TkRKr9sUTxEH8MdfuCSP7VizJHPut/Waksl3fNqtfiAp45tqLAQ5SoYIZ+s/qNfbs5+9c6e7P4r3aidZHJ8UqQ=="
    },
    "node_modules/unpipe": {
      "version": "1.0.0",
      "resolved": "https://registry.npmjs.org/unpipe/-/unpipe-1.0.0.tgz",
      "integrity": "sha512-pjy2bYhSsufwWlKwPc+l3cN7+wuZZywnm9QSncRks7k+T7t8f1tfsualfabmf9gzywObyXjbdtShEYYkclMu0Mw=="
    },
    "node_modules/utils-merge": {
      "version": "1.0.1",
      "resolved": "https://registry.npmjs.org/utils-merge/-/utils-merge-1.0.1.tgz",
      "integrity": "sha512-pMZTvIkS1oBESL0BpJPqMqbQ+vVLNcE57UQvVNJώ/+FkrXqcKT2L91ATcbSpT/SPhQrlCx6+D9xfMcNn0f+nQ=="
    },
    "node_modules/vary": {
      "version": "1.1.2",
      "resolved": "https://registry.npmjs.org/vary/-/vary-1.1.2.tgz",
      "integrity": "sha512-BNGbWLfd0FlwgQkGcFVLcETOBjUVVDYYvXC37ciJ5ZF5q5nivzjMgy2E87v6w+heJ6YjBWcSf5nB8+7uNjSgIw=="
    }
  }
}
